
Microsoft Visual Studio Solution File, Format Version 12.00
# Visual Studio Version 16
VisualStudioVersion = 16.0.30907.101
MinimumVisualStudioVersion = 10.0.40219.1
Project("{9092AA53-FB77-4645-B42D-1CCCA6BD08BD}") = "ExpressApp1", "ExpressApp1.njsproj", "{2A131C7D-8668-4D37-B87D-E90F03A82EC7}"
EndProject
Global
	GlobalSection(SolutionConfigurationPlatforms) = preSolution
		Debug|Any CPU = Debug|Any CPU
		Release|Any CPU = Release|Any CPU
	EndGlobalSection
	GlobalSection(ProjectConfigurationPlatforms) = postSolution
		{2A131C7D-8668-4D37-B87D-E90F03A82EC7}.Debug|Any CPU.ActiveCfg = Debug|Any CPU
		{2A131C7D-8668-4D37-B87D-E90F03A82EC7}.Debug|Any CPU.Build.0 = Debug|Any CPU
		{2A131C7D-8668-4D37-B87D-E90F03A82EC7}.Release|Any CPU.ActiveCfg = Release|Any CPU
		{2A131C7D-8668-4D37-B87D-E90F03A82EC7}.Release|Any CPU.Build.0 = Release|Any CPU
	EndGlobalSection
	GlobalSection(SolutionProperties) = preSolution
		HideSolutionNode = FALSE
	EndGlobalSection
	GlobalSection(ExtensibilityGlobals) = postSolution
		SolutionGuid = {A1EC0AED-321F-4763-9243-D583A46BE6C2}
	EndGlobalSection
EndGlobal
